
Microsoft Visual Studio Solution File, Format Version 12.00
# Visual Studio Version 16
VisualStudioVersion = 16.0.29609.76
MinimumVisualStudioVersion = 10.0.40219.1
Project("{FAE04EC0-301F-11D3-BF4B-00C04F79EFBC}") = "TopLiby", "TopLiby\TopLiby.csproj", "{200C7638-0A93-4307-AAC9-4EECEFD653CD}"
EndProject
Global
	GlobalSection(SolutionConfigurationPlatforms) = preSolution
		Debug|Any CPU = Debug|Any CPU
		Release|Any CPU = Release|Any CPU
	EndGlobalSection
	GlobalSection(ProjectConfigurationPlatforms) = postSolution
		{200C7638-0A93-4307-AAC9-4EECEFD653CD}.Debug|Any CPU.ActiveCfg = Debug|Any CPU
		{200C7638-0A93-4307-AAC9-4EECEFD653CD}.Debug|Any CPU.Build.0 = Debug|Any CPU
		{200C7638-0A93-4307-AAC9-4EECEFD653CD}.Release|Any CPU.ActiveCfg = Release|Any CPU
		{200C7638-0A93-4307-AAC9-4EECEFD653CD}.Release|Any CPU.Build.0 = Release|Any CPU
	EndGlobalSection
	GlobalSection(SolutionProperties) = preSolution
		HideSolutionNode = FALSE
	EndGlobalSection
	GlobalSection(ExtensibilityGlobals) = postSolution
		SolutionGuid = {7884702B-A306-4840-B760-73A73F4313A7}
	EndGlobalSection
EndGlobal
